
Microsoft Visual Studio Solution File, Format Version 12.00
# Visual Studio Version 16
VisualStudioVersion = 16.0.30717.126
MinimumVisualStudioVersion = 10.0.40219.1
Project("{FAE04EC0-301F-11D3-BF4B-00C04F79EFBC}") = "5.GunOdev", "5.GunOdev\5.GunOdev.csproj", "{00A7257F-304F-4AE4-AFD7-05A90D009355}"
EndProject
Global
	GlobalSection(SolutionConfigurationPlatforms) = preSolution
		Debug|Any CPU = Debug|Any CPU
		Release|Any CPU = Release|Any CPU
	EndGlobalSection
	GlobalSection(ProjectConfigurationPlatforms) = postSolution
		{00A7257F-304F-4AE4-AFD7-05A90D009355}.Debug|Any CPU.ActiveCfg = Debug|Any CPU
		{00A7257F-304F-4AE4-AFD7-05A90D009355}.Debug|Any CPU.Build.0 = Debug|Any CPU
		{00A7257F-304F-4AE4-AFD7-05A90D009355}.Release|Any CPU.ActiveCfg = Release|Any CPU
		{00A7257F-304F-4AE4-AFD7-05A90D009355}.Release|Any CPU.Build.0 = Release|Any CPU
	EndGlobalSection
	GlobalSection(SolutionProperties) = preSolution
		HideSolutionNode = FALSE
	EndGlobalSection
	GlobalSection(ExtensibilityGlobals) = postSolution
		SolutionGuid = {5E65A6D5-277E-464F-8CE7-2B88FCC8A2EC}
	EndGlobalSection
EndGlobal
